
Microsoft Visual Studio Solution File, Format Version 12.00
# Visual Studio 14
VisualStudioVersion = 14.0.24720.0
MinimumVisualStudioVersion = 10.0.40219.1
Project("{FAE04EC0-301F-11D3-BF4B-00C04F79EFBC}") = "TangentIdeas.MailWindowsService", "TangentIdeas.MailWindowsService\TangentIdeas.MailWindowsService.csproj", "{BA1D7C9E-E256-4E7F-BB63-635DBC1AE08F}"
EndProject
Project("{FAE04EC0-301F-11D3-BF4B-00C04F79EFBC}") = "TangentIdeas.Mail.Api", "TangentIdeas.Mail.Api\TangentIdeas.Mail.Api.csproj", "{5DB46D27-1BCB-4A69-B504-B353333356A2}"
EndProject
Project("{2150E333-8FDC-42A3-9474-1A3956D46DE8}") = "Business", "Business", "{6EBCB550-8C5D-40B1-B3EB-EA9BE52414F4}"
EndProject
Project("{FAE04EC0-301F-11D3-BF4B-00C04F79EFBC}") = "TangetIdeas.MailService.Business", "Business\TangetIdeas.MailService.Business\TangetIdeas.MailService.Business.csproj", "{48562EE3-B971-4AFA-A72D-E3CBDC896AC4}"
EndProject
Global
	GlobalSection(SolutionConfigurationPlatforms) = preSolution
		Debug|Any CPU = Debug|Any CPU
		Release|Any CPU = Release|Any CPU
	EndGlobalSection
	GlobalSection(ProjectConfigurationPlatforms) = postSolution
		{BA1D7C9E-E256-4E7F-BB63-635DBC1AE08F}.Debug|Any CPU.ActiveCfg = Debug|Any CPU
		{BA1D7C9E-E256-4E7F-BB63-635DBC1AE08F}.Debug|Any CPU.Build.0 = Debug|Any CPU
		{BA1D7C9E-E256-4E7F-BB63-635DBC1AE08F}.Release|Any CPU.ActiveCfg = Release|Any CPU
		{BA1D7C9E-E256-4E7F-BB63-635DBC1AE08F}.Release|Any CPU.Build.0 = Release|Any CPU
		{5DB46D27-1BCB-4A69-B504-B353333356A2}.Debug|Any CPU.ActiveCfg = Debug|Any CPU
		{5DB46D27-1BCB-4A69-B504-B353333356A2}.Debug|Any CPU.Build.0 = Debug|Any CPU
		{5DB46D27-1BCB-4A69-B504-B353333356A2}.Release|Any CPU.ActiveCfg = Release|Any CPU
		{5DB46D27-1BCB-4A69-B504-B353333356A2}.Release|Any CPU.Build.0 = Release|Any CPU
		{48562EE3-B971-4AFA-A72D-E3CBDC896AC4}.Debug|Any CPU.ActiveCfg = Debug|Any CPU
		{48562EE3-B971-4AFA-A72D-E3CBDC896AC4}.Debug|Any CPU.Build.0 = Debug|Any CPU
		{48562EE3-B971-4AFA-A72D-E3CBDC896AC4}.Release|Any CPU.ActiveCfg = Release|Any CPU
		{48562EE3-B971-4AFA-A72D-E3CBDC896AC4}.Release|Any CPU.Build.0 = Release|Any CPU
	EndGlobalSection
	GlobalSection(SolutionProperties) = preSolution
		HideSolutionNode = FALSE
	EndGlobalSection
	GlobalSection(NestedProjects) = preSolution
		{48562EE3-B971-4AFA-A72D-E3CBDC896AC4} = {6EBCB550-8C5D-40B1-B3EB-EA9BE52414F4}
	EndGlobalSection
EndGlobal
